
Microsoft Visual Studio Solution File, Format Version 12.00
# Visual Studio Version 17
VisualStudioVersion = 17.1.32210.238
MinimumVisualStudioVersion = 10.0.40219.1
Project("{2150E333-8FDC-42A3-9474-1A3956D46DE8}") = "src", "src", "{39F28F31-C69C-44BE-BEB4-E58A41B5989F}"
EndProject
Project("{2150E333-8FDC-42A3-9474-1A3956D46DE8}") = "tests", "tests", "{833E6915-D945-467E-B22A-90E7B97B5F9A}"
EndProject
Project("{2150E333-8FDC-42A3-9474-1A3956D46DE8}") = "OrderManagement", "OrderManagement", "{A5E4568B-74BC-41D5-96E2-FBE65B6C2603}"
EndProject
Project("{2150E333-8FDC-42A3-9474-1A3956D46DE8}") = "CustomerManagement", "CustomerManagement", "{869595A2-1725-498F-A08C-AE9423192122}"
EndProject
Project("{2150E333-8FDC-42A3-9474-1A3956D46DE8}") = "Tailoring", "Tailoring", "{F6AB7122-DB6E-4D4D-9392-269408A2A122}"
EndProject
Project("{2150E333-8FDC-42A3-9474-1A3956D46DE8}") = "NotificationManagement", "NotificationManagement", "{D64A50BF-EA2C-4FA3-83A0-440042B64B21}"
EndProject
Project("{2150E333-8FDC-42A3-9474-1A3956D46DE8}") = "PaymentManagement", "PaymentManagement", "{0DD8442D-9CAA-4D30-95D0-61B6E083CBCA}"
EndProject
Project("{2150E333-8FDC-42A3-9474-1A3956D46DE8}") = "Infrastructure", "Infrastructure", "{852275B6-F75A-4497-8A72-385CC88D2F89}"
EndProject
Project("{2150E333-8FDC-42A3-9474-1A3956D46DE8}") = "Interface", "Interface", "{9B771367-68F3-4A4C-B9F6-6CD91E71AB42}"
EndProject
Project("{2150E333-8FDC-42A3-9474-1A3956D46DE8}") = "ApplicationService", "ApplicationService", "{3488FC8F-456F-41D2-BF7D-1A98341BFC05}"
EndProject
Project("{2150E333-8FDC-42A3-9474-1A3956D46DE8}") = "Domain", "Domain", "{4D84CAA8-1197-4AF6-AE4E-9B7B6B28C5BD}"
EndProject
Project("{2150E333-8FDC-42A3-9474-1A3956D46DE8}") = "Interface", "Interface", "{91C07F07-6C50-44EB-91D0-DECCD502F8D8}"
EndProject
Project("{2150E333-8FDC-42A3-9474-1A3956D46DE8}") = "Application", "Application", "{0AF8FC04-55FB-4AB2-8F94-CAFC8F5D0583}"
EndProject
Project("{2150E333-8FDC-42A3-9474-1A3956D46DE8}") = "Domain", "Domain", "{486D9541-F841-41B7-B36F-3A8D7E2ED61B}"
EndProject
Project("{9A19103F-16F7-4668-BE54-9A1E7A4F7556}") = "SuitSupply.Tailoring.Domain", "src\SuitSupply.Tailoring.Domain\SuitSupply.Tailoring.Domain.csproj", "{F0BBEC3F-7F70-43BF-BCB5-44362A66D208}"
EndProject
Project("{9A19103F-16F7-4668-BE54-9A1E7A4F7556}") = "SuitSupply.Tailoring.Domain.Contracts", "src\SuitSupply.Tailoring.Domain.Contract\SuitSupply.Tailoring.Domain.Contracts.csproj", "{BD71E400-EBBD-4A6D-882C-7142BFFC988A}"
EndProject
Project("{9A19103F-16F7-4668-BE54-9A1E7A4F7556}") = "SuitSupply.Tailoring.Application", "src\SuitSupply.Tailoring.Application\SuitSupply.Tailoring.Application.csproj", "{07F5EFC8-4477-4057-9AD4-7DEDD1F802CD}"
EndProject
Project("{9A19103F-16F7-4668-BE54-9A1E7A4F7556}") = "SuitSupply.Tailoring.Application.Contracts", "src\SuitSupply.Tailoring.Application.Contracts\SuitSupply.Tailoring.Application.Contracts.csproj", "{541B4157-945D-4EF1-BA0E-5F3BB67DA572}"
EndProject
Project("{2150E333-8FDC-42A3-9474-1A3956D46DE8}") = "Framework", "Framework", "{0F380CF9-1C98-485F-ABD8-D0730AD3AE0A}"
EndProject
Project("{9A19103F-16F7-4668-BE54-9A1E7A4F7556}") = "SuitSupply.Framework.MessageBroker", "src\SuitSupply.Framework.MessageBroker\SuitSupply.Framework.MessageBroker.csproj", "{B84677BF-FE81-4CF3-B88A-579E074D8AFA}"
EndProject
Project("{9A19103F-16F7-4668-BE54-9A1E7A4F7556}") = "SuitSupply.Framework.Persistence", "src\SuitSupply.Framework.Persistence\SuitSupply.Framework.Persistence.csproj", "{FFFE5585-4AFE-4222-8963-46A3411C3E79}"
EndProject
Project("{9A19103F-16F7-4668-BE54-9A1E7A4F7556}") = "SuitSupply.Framework.Domain", "src\SuitSupply.Framework.Domain\SuitSupply.Framework.Domain.csproj", "{10E0C022-746E-4790-BF1B-ACA709766A18}"
EndProject
Project("{9A19103F-16F7-4668-BE54-9A1E7A4F7556}") = "SuitSupply.Framework.Core", "src\SuitSupply.Framework.Core\SuitSupply.Framework.Core.csproj", "{DA967F6A-756B-4C15-8C29-8F83215B1701}"
EndProject
Project("{2150E333-8FDC-42A3-9474-1A3956D46DE8}") = "Infrastructure", "Infrastructure", "{CC4BA1C5-8CB8-4290-8B6D-6211E329BA41}"
EndProject
Project("{9A19103F-16F7-4668-BE54-9A1E7A4F7556}") = "SuitSupply.Tailoring.OrderManagement.Listener", "src\SuitSupply.Tailoring.OrderManagement.Listener\SuitSupply.Tailoring.OrderManagement.Listener.csproj", "{5D9A3227-D0D6-4115-BC29-8C07345C64EA}"
EndProject
Project("{FAE04EC0-301F-11D3-BF4B-00C04F79EFBC}") = "SuitSupply.OrderManagement.Domain.UnitTests", "tests\SuitSupply.OrderManagement.Domain.UnitTests\SuitSupply.OrderManagement.Domain.UnitTests.csproj", "{DF8AB237-8E24-4523-8FE4-29CFD9D8D454}"
EndProject
Project("{FAE04EC0-301F-11D3-BF4B-00C04F79EFBC}") = "SuitSupply.Tailoring.Domain.UnitTests", "tests\SuitSupply.Tailoring.Domain.UnitTests\SuitSupply.Tailoring.Domain.UnitTests.csproj", "{9E9FA934-97DC-469F-B402-8090ED1AF1C3}"
EndProject
Project("{FAE04EC0-301F-11D3-BF4B-00C04F79EFBC}") = "SuitSupply.Tailoring.IntegrationTests", "tests\SuitSupply.Tailoring.IntegrationTests\SuitSupply.Tailoring.IntegrationTests.csproj", "{C108039D-601F-4C1A-9F87-9760A78540CF}"
EndProject
Project("{FAE04EC0-301F-11D3-BF4B-00C04F79EFBC}") = "SuitSupply.OrderManagement.IntegrationTests", "tests\SuitSupply.OrderManagement.IntegrationTests\SuitSupply.OrderManagement.IntegrationTests.csproj", "{C7B25086-B093-486F-9ED8-8C9ECEF808EB}"
EndProject
Global
	GlobalSection(SolutionConfigurationPlatforms) = preSolution
		Debug|Any CPU = Debug|Any CPU
		Production|Any CPU = Production|Any CPU
		QA|Any CPU = QA|Any CPU
		RC|Any CPU = RC|Any CPU
		Release|Any CPU = Release|Any CPU
		stg|Any CPU = stg|Any CPU
	EndGlobalSection
	GlobalSection(ProjectConfigurationPlatforms) = postSolution
		{F0BBEC3F-7F70-43BF-BCB5-44362A66D208}.Debug|Any CPU.ActiveCfg = Debug|Any CPU
		{F0BBEC3F-7F70-43BF-BCB5-44362A66D208}.Debug|Any CPU.Build.0 = Debug|Any CPU
		{F0BBEC3F-7F70-43BF-BCB5-44362A66D208}.Production|Any CPU.ActiveCfg = Release|Any CPU
		{F0BBEC3F-7F70-43BF-BCB5-44362A66D208}.Production|Any CPU.Build.0 = Release|Any CPU
		{F0BBEC3F-7F70-43BF-BCB5-44362A66D208}.QA|Any CPU.ActiveCfg = Release|Any CPU
		{F0BBEC3F-7F70-43BF-BCB5-44362A66D208}.QA|Any CPU.Build.0 = Release|Any CPU
		{F0BBEC3F-7F70-43BF-BCB5-44362A66D208}.RC|Any CPU.ActiveCfg = Release|Any CPU
		{F0BBEC3F-7F70-43BF-BCB5-44362A66D208}.RC|Any CPU.Build.0 = Release|Any CPU
		{F0BBEC3F-7F70-43BF-BCB5-44362A66D208}.Release|Any CPU.ActiveCfg = Release|Any CPU
		{F0BBEC3F-7F70-43BF-BCB5-44362A66D208}.Release|Any CPU.Build.0 = Release|Any CPU
		{F0BBEC3F-7F70-43BF-BCB5-44362A66D208}.stg|Any CPU.ActiveCfg = Release|Any CPU
		{F0BBEC3F-7F70-43BF-BCB5-44362A66D208}.stg|Any CPU.Build.0 = Release|Any CPU
		{BD71E400-EBBD-4A6D-882C-7142BFFC988A}.Debug|Any CPU.ActiveCfg = Debug|Any CPU
		{BD71E400-EBBD-4A6D-882C-7142BFFC988A}.Debug|Any CPU.Build.0 = Debug|Any CPU
		{BD71E400-EBBD-4A6D-882C-7142BFFC988A}.Production|Any CPU.ActiveCfg = Release|Any CPU
		{BD71E400-EBBD-4A6D-882C-7142BFFC988A}.Production|Any CPU.Build.0 = Release|Any CPU
		{BD71E400-EBBD-4A6D-882C-7142BFFC988A}.QA|Any CPU.ActiveCfg = Release|Any CPU
		{BD71E400-EBBD-4A6D-882C-7142BFFC988A}.QA|Any CPU.Build.0 = Release|Any CPU
		{BD71E400-EBBD-4A6D-882C-7142BFFC988A}.RC|Any CPU.ActiveCfg = Release|Any CPU
		{BD71E400-EBBD-4A6D-882C-7142BFFC988A}.RC|Any CPU.Build.0 = Release|Any CPU
		{BD71E400-EBBD-4A6D-882C-7142BFFC988A}.Release|Any CPU.ActiveCfg = Release|Any CPU
		{BD71E400-EBBD-4A6D-882C-7142BFFC988A}.Release|Any CPU.Build.0 = Release|Any CPU
		{BD71E400-EBBD-4A6D-882C-7142BFFC988A}.stg|Any CPU.ActiveCfg = Release|Any CPU
		{BD71E400-EBBD-4A6D-882C-7142BFFC988A}.stg|Any CPU.Build.0 = Release|Any CPU
		{07F5EFC8-4477-4057-9AD4-7DEDD1F802CD}.Debug|Any CPU.ActiveCfg = Debug|Any CPU
		{07F5EFC8-4477-4057-9AD4-7DEDD1F802CD}.Debug|Any CPU.Build.0 = Debug|Any CPU
		{07F5EFC8-4477-4057-9AD4-7DEDD1F802CD}.Production|Any CPU.ActiveCfg = Release|Any CPU
		{07F5EFC8-4477-4057-9AD4-7DEDD1F802CD}.Production|Any CPU.Build.0 = Release|Any CPU
		{07F5EFC8-4477-4057-9AD4-7DEDD1F802CD}.QA|Any CPU.ActiveCfg = Release|Any CPU
		{07F5EFC8-4477-4057-9AD4-7DEDD1F802CD}.QA|Any CPU.Build.0 = Release|Any CPU
		{07F5EFC8-4477-4057-9AD4-7DEDD1F802CD}.RC|Any CPU.ActiveCfg = Release|Any CPU
		{07F5EFC8-4477-4057-9AD4-7DEDD1F802CD}.RC|Any CPU.Build.0 = Release|Any CPU
		{07F5EFC8-4477-4057-9AD4-7DEDD1F802CD}.Release|Any CPU.ActiveCfg = Release|Any CPU
		{07F5EFC8-4477-4057-9AD4-7DEDD1F802CD}.Release|Any CPU.Build.0 = Release|Any CPU
		{07F5EFC8-4477-4057-9AD4-7DEDD1F802CD}.stg|Any CPU.ActiveCfg = Release|Any CPU
		{07F5EFC8-4477-4057-9AD4-7DEDD1F802CD}.stg|Any CPU.Build.0 = Release|Any CPU
		{541B4157-945D-4EF1-BA0E-5F3BB67DA572}.Debug|Any CPU.ActiveCfg = Debug|Any CPU
		{541B4157-945D-4EF1-BA0E-5F3BB67DA572}.Debug|Any CPU.Build.0 = Debug|Any CPU
		{541B4157-945D-4EF1-BA0E-5F3BB67DA572}.Production|Any CPU.ActiveCfg = Release|Any CPU
		{541B4157-945D-4EF1-BA0E-5F3BB67DA572}.Production|Any CPU.Build.0 = Release|Any CPU
		{541B4157-945D-4EF1-BA0E-5F3BB67DA572}.QA|Any CPU.ActiveCfg = Release|Any CPU
		{541B4157-945D-4EF1-BA0E-5F3BB67DA572}.QA|Any CPU.Build.0 = Release|Any CPU
		{541B4157-945D-4EF1-BA0E-5F3BB67DA572}.RC|Any CPU.ActiveCfg = Release|Any CPU
		{541B4157-945D-4EF1-BA0E-5F3BB67DA572}.RC|Any CPU.Build.0 = Release|Any CPU
		{541B4157-945D-4EF1-BA0E-5F3BB67DA572}.Release|Any CPU.ActiveCfg = Release|Any CPU
		{541B4157-945D-4EF1-BA0E-5F3BB67DA572}.Release|Any CPU.Build.0 = Release|Any CPU
		{541B4157-945D-4EF1-BA0E-5F3BB67DA572}.stg|Any CPU.ActiveCfg = Release|Any CPU
		{541B4157-945D-4EF1-BA0E-5F3BB67DA572}.stg|Any CPU.Build.0 = Release|Any CPU
		{B84677BF-FE81-4CF3-B88A-579E074D8AFA}.Debug|Any CPU.ActiveCfg = Debug|Any CPU
		{B84677BF-FE81-4CF3-B88A-579E074D8AFA}.Debug|Any CPU.Build.0 = Debug|Any CPU
		{B84677BF-FE81-4CF3-B88A-579E074D8AFA}.Production|Any CPU.ActiveCfg = Debug|Any CPU
		{B84677BF-FE81-4CF3-B88A-579E074D8AFA}.Production|Any CPU.Build.0 = Debug|Any CPU
		{B84677BF-FE81-4CF3-B88A-579E074D8AFA}.QA|Any CPU.ActiveCfg = Debug|Any CPU
		{B84677BF-FE81-4CF3-B88A-579E074D8AFA}.QA|Any CPU.Build.0 = Debug|Any CPU
		{B84677BF-FE81-4CF3-B88A-579E074D8AFA}.RC|Any CPU.ActiveCfg = Release|Any CPU
		{B84677BF-FE81-4CF3-B88A-579E074D8AFA}.RC|Any CPU.Build.0 = Release|Any CPU
		{B84677BF-FE81-4CF3-B88A-579E074D8AFA}.Release|Any CPU.ActiveCfg = Release|Any CPU
		{B84677BF-FE81-4CF3-B88A-579E074D8AFA}.Release|Any CPU.Build.0 = Release|Any CPU
		{B84677BF-FE81-4CF3-B88A-579E074D8AFA}.stg|Any CPU.ActiveCfg = stg|Any CPU
		{B84677BF-FE81-4CF3-B88A-579E074D8AFA}.stg|Any CPU.Build.0 = stg|Any CPU
		{FFFE5585-4AFE-4222-8963-46A3411C3E79}.Debug|Any CPU.ActiveCfg = Debug|Any CPU
		{FFFE5585-4AFE-4222-8963-46A3411C3E79}.Debug|Any CPU.Build.0 = Debug|Any CPU
		{FFFE5585-4AFE-4222-8963-46A3411C3E79}.Production|Any CPU.ActiveCfg = Debug|Any CPU
		{FFFE5585-4AFE-4222-8963-46A3411C3E79}.Production|Any CPU.Build.0 = Debug|Any CPU
		{FFFE5585-4AFE-4222-8963-46A3411C3E79}.QA|Any CPU.ActiveCfg = Debug|Any CPU
		{FFFE5585-4AFE-4222-8963-46A3411C3E79}.QA|Any CPU.Build.0 = Debug|Any CPU
		{FFFE5585-4AFE-4222-8963-46A3411C3E79}.RC|Any CPU.ActiveCfg = Release|Any CPU
		{FFFE5585-4AFE-4222-8963-46A3411C3E79}.RC|Any CPU.Build.0 = Release|Any CPU
		{FFFE5585-4AFE-4222-8963-46A3411C3E79}.Release|Any CPU.ActiveCfg = Release|Any CPU
		{FFFE5585-4AFE-4222-8963-46A3411C3E79}.Release|Any CPU.Build.0 = Release|Any CPU
		{FFFE5585-4AFE-4222-8963-46A3411C3E79}.stg|Any CPU.ActiveCfg = stg|Any CPU
		{FFFE5585-4AFE-4222-8963-46A3411C3E79}.stg|Any CPU.Build.0 = stg|Any CPU
		{10E0C022-746E-4790-BF1B-ACA709766A18}.Debug|Any CPU.ActiveCfg = Debug|Any CPU
		{10E0C022-746E-4790-BF1B-ACA709766A18}.Debug|Any CPU.Build.0 = Debug|Any CPU
		{10E0C022-746E-4790-BF1B-ACA709766A18}.Production|Any CPU.ActiveCfg = Debug|Any CPU
		{10E0C022-746E-4790-BF1B-ACA709766A18}.Production|Any CPU.Build.0 = Debug|Any CPU
		{10E0C022-746E-4790-BF1B-ACA709766A18}.QA|Any CPU.ActiveCfg = Debug|Any CPU
		{10E0C022-746E-4790-BF1B-ACA709766A18}.QA|Any CPU.Build.0 = Debug|Any CPU
		{10E0C022-746E-4790-BF1B-ACA709766A18}.RC|Any CPU.ActiveCfg = Release|Any CPU
		{10E0C022-746E-4790-BF1B-ACA709766A18}.RC|Any CPU.Build.0 = Release|Any CPU
		{10E0C022-746E-4790-BF1B-ACA709766A18}.Release|Any CPU.ActiveCfg = Release|Any CPU
		{10E0C022-746E-4790-BF1B-ACA709766A18}.Release|Any CPU.Build.0 = Release|Any CPU
		{10E0C022-746E-4790-BF1B-ACA709766A18}.stg|Any CPU.ActiveCfg = Debug|Any CPU
		{10E0C022-746E-4790-BF1B-ACA709766A18}.stg|Any CPU.Build.0 = Debug|Any CPU
		{DA967F6A-756B-4C15-8C29-8F83215B1701}.Debug|Any CPU.ActiveCfg = Debug|Any CPU
		{DA967F6A-756B-4C15-8C29-8F83215B1701}.Debug|Any CPU.Build.0 = Debug|Any CPU
		{DA967F6A-756B-4C15-8C29-8F83215B1701}.Production|Any CPU.ActiveCfg = Debug|Any CPU
		{DA967F6A-756B-4C15-8C29-8F83215B1701}.Production|Any CPU.Build.0 = Debug|Any CPU
		{DA967F6A-756B-4C15-8C29-8F83215B1701}.QA|Any CPU.ActiveCfg = Debug|Any CPU
		{DA967F6A-756B-4C15-8C29-8F83215B1701}.QA|Any CPU.Build.0 = Debug|Any CPU
		{DA967F6A-756B-4C15-8C29-8F83215B1701}.RC|Any CPU.ActiveCfg = Release|Any CPU
		{DA967F6A-756B-4C15-8C29-8F83215B1701}.RC|Any CPU.Build.0 = Release|Any CPU
		{DA967F6A-756B-4C15-8C29-8F83215B1701}.Release|Any CPU.ActiveCfg = Release|Any CPU
		{DA967F6A-756B-4C15-8C29-8F83215B1701}.Release|Any CPU.Build.0 = Release|Any CPU
		{DA967F6A-756B-4C15-8C29-8F83215B1701}.stg|Any CPU.ActiveCfg = Debug|Any CPU
		{DA967F6A-756B-4C15-8C29-8F83215B1701}.stg|Any CPU.Build.0 = Debug|Any CPU
		{5D9A3227-D0D6-4115-BC29-8C07345C64EA}.Debug|Any CPU.ActiveCfg = Debug|Any CPU
		{5D9A3227-D0D6-4115-BC29-8C07345C64EA}.Debug|Any CPU.Build.0 = Debug|Any CPU
		{5D9A3227-D0D6-4115-BC29-8C07345C64EA}.Production|Any CPU.ActiveCfg = Debug|Any CPU
		{5D9A3227-D0D6-4115-BC29-8C07345C64EA}.Production|Any CPU.Build.0 = Debug|Any CPU
		{5D9A3227-D0D6-4115-BC29-8C07345C64EA}.QA|Any CPU.ActiveCfg = Debug|Any CPU
		{5D9A3227-D0D6-4115-BC29-8C07345C64EA}.QA|Any CPU.Build.0 = Debug|Any CPU
		{5D9A3227-D0D6-4115-BC29-8C07345C64EA}.RC|Any CPU.ActiveCfg = Release|Any CPU
		{5D9A3227-D0D6-4115-BC29-8C07345C64EA}.RC|Any CPU.Build.0 = Release|Any CPU
		{5D9A3227-D0D6-4115-BC29-8C07345C64EA}.Release|Any CPU.ActiveCfg = Release|Any CPU
		{5D9A3227-D0D6-4115-BC29-8C07345C64EA}.Release|Any CPU.Build.0 = Release|Any CPU
		{5D9A3227-D0D6-4115-BC29-8C07345C64EA}.stg|Any CPU.ActiveCfg = Debug|Any CPU
		{5D9A3227-D0D6-4115-BC29-8C07345C64EA}.stg|Any CPU.Build.0 = Debug|Any CPU
		{DF8AB237-8E24-4523-8FE4-29CFD9D8D454}.Debug|Any CPU.ActiveCfg = Debug|Any CPU
		{DF8AB237-8E24-4523-8FE4-29CFD9D8D454}.Debug|Any CPU.Build.0 = Debug|Any CPU
		{DF8AB237-8E24-4523-8FE4-29CFD9D8D454}.Production|Any CPU.ActiveCfg = Debug|Any CPU
		{DF8AB237-8E24-4523-8FE4-29CFD9D8D454}.Production|Any CPU.Build.0 = Debug|Any CPU
		{DF8AB237-8E24-4523-8FE4-29CFD9D8D454}.QA|Any CPU.ActiveCfg = Debug|Any CPU
		{DF8AB237-8E24-4523-8FE4-29CFD9D8D454}.QA|Any CPU.Build.0 = Debug|Any CPU
		{DF8AB237-8E24-4523-8FE4-29CFD9D8D454}.RC|Any CPU.ActiveCfg = Release|Any CPU
		{DF8AB237-8E24-4523-8FE4-29CFD9D8D454}.RC|Any CPU.Build.0 = Release|Any CPU
		{DF8AB237-8E24-4523-8FE4-29CFD9D8D454}.Release|Any CPU.ActiveCfg = Release|Any CPU
		{DF8AB237-8E24-4523-8FE4-29CFD9D8D454}.Release|Any CPU.Build.0 = Release|Any CPU
		{DF8AB237-8E24-4523-8FE4-29CFD9D8D454}.stg|Any CPU.ActiveCfg = Debug|Any CPU
		{DF8AB237-8E24-4523-8FE4-29CFD9D8D454}.stg|Any CPU.Build.0 = Debug|Any CPU
		{9E9FA934-97DC-469F-B402-8090ED1AF1C3}.Debug|Any CPU.ActiveCfg = Debug|Any CPU
		{9E9FA934-97DC-469F-B402-8090ED1AF1C3}.Debug|Any CPU.Build.0 = Debug|Any CPU
		{9E9FA934-97DC-469F-B402-8090ED1AF1C3}.Production|Any CPU.ActiveCfg = Debug|Any CPU
		{9E9FA934-97DC-469F-B402-8090ED1AF1C3}.Production|Any CPU.Build.0 = Debug|Any CPU
		{9E9FA934-97DC-469F-B402-8090ED1AF1C3}.QA|Any CPU.ActiveCfg = Debug|Any CPU
		{9E9FA934-97DC-469F-B402-8090ED1AF1C3}.QA|Any CPU.Build.0 = Debug|Any CPU
		{9E9FA934-97DC-469F-B402-8090ED1AF1C3}.RC|Any CPU.ActiveCfg = Release|Any CPU
		{9E9FA934-97DC-469F-B402-8090ED1AF1C3}.RC|Any CPU.Build.0 = Release|Any CPU
		{9E9FA934-97DC-469F-B402-8090ED1AF1C3}.Release|Any CPU.ActiveCfg = Release|Any CPU
		{9E9FA934-97DC-469F-B402-8090ED1AF1C3}.Release|Any CPU.Build.0 = Release|Any CPU
		{9E9FA934-97DC-469F-B402-8090ED1AF1C3}.stg|Any CPU.ActiveCfg = Debug|Any CPU
		{9E9FA934-97DC-469F-B402-8090ED1AF1C3}.stg|Any CPU.Build.0 = Debug|Any CPU
		{C108039D-601F-4C1A-9F87-9760A78540CF}.Debug|Any CPU.ActiveCfg = Debug|Any CPU
		{C108039D-601F-4C1A-9F87-9760A78540CF}.Debug|Any CPU.Build.0 = Debug|Any CPU
		{C108039D-601F-4C1A-9F87-9760A78540CF}.Production|Any CPU.ActiveCfg = Debug|Any CPU
		{C108039D-601F-4C1A-9F87-9760A78540CF}.Production|Any CPU.Build.0 = Debug|Any CPU
		{C108039D-601F-4C1A-9F87-9760A78540CF}.QA|Any CPU.ActiveCfg = Debug|Any CPU
		{C108039D-601F-4C1A-9F87-9760A78540CF}.QA|Any CPU.Build.0 = Debug|Any CPU
		{C108039D-601F-4C1A-9F87-9760A78540CF}.RC|Any CPU.ActiveCfg = Release|Any CPU
		{C108039D-601F-4C1A-9F87-9760A78540CF}.RC|Any CPU.Build.0 = Release|Any CPU
		{C108039D-601F-4C1A-9F87-9760A78540CF}.Release|Any CPU.ActiveCfg = Release|Any CPU
		{C108039D-601F-4C1A-9F87-9760A78540CF}.Release|Any CPU.Build.0 = Release|Any CPU
		{C108039D-601F-4C1A-9F87-9760A78540CF}.stg|Any CPU.ActiveCfg = Debug|Any CPU
		{C108039D-601F-4C1A-9F87-9760A78540CF}.stg|Any CPU.Build.0 = Debug|Any CPU
		{C7B25086-B093-486F-9ED8-8C9ECEF808EB}.Debug|Any CPU.ActiveCfg = Debug|Any CPU
		{C7B25086-B093-486F-9ED8-8C9ECEF808EB}.Debug|Any CPU.Build.0 = Debug|Any CPU
		{C7B25086-B093-486F-9ED8-8C9ECEF808EB}.Production|Any CPU.ActiveCfg = Debug|Any CPU
		{C7B25086-B093-486F-9ED8-8C9ECEF808EB}.Production|Any CPU.Build.0 = Debug|Any CPU
		{C7B25086-B093-486F-9ED8-8C9ECEF808EB}.QA|Any CPU.ActiveCfg = Debug|Any CPU
		{C7B25086-B093-486F-9ED8-8C9ECEF808EB}.QA|Any CPU.Build.0 = Debug|Any CPU
		{C7B25086-B093-486F-9ED8-8C9ECEF808EB}.RC|Any CPU.ActiveCfg = Release|Any CPU
		{C7B25086-B093-486F-9ED8-8C9ECEF808EB}.RC|Any CPU.Build.0 = Release|Any CPU
		{C7B25086-B093-486F-9ED8-8C9ECEF808EB}.Release|Any CPU.ActiveCfg = Release|Any CPU
		{C7B25086-B093-486F-9ED8-8C9ECEF808EB}.Release|Any CPU.Build.0 = Release|Any CPU
		{C7B25086-B093-486F-9ED8-8C9ECEF808EB}.stg|Any CPU.ActiveCfg = Debug|Any CPU
		{C7B25086-B093-486F-9ED8-8C9ECEF808EB}.stg|Any CPU.Build.0 = Debug|Any CPU
	EndGlobalSection
	GlobalSection(SolutionProperties) = preSolution
		HideSolutionNode = FALSE
	EndGlobalSection
	GlobalSection(NestedProjects) = preSolution
		{A5E4568B-74BC-41D5-96E2-FBE65B6C2603} = {39F28F31-C69C-44BE-BEB4-E58A41B5989F}
		{869595A2-1725-498F-A08C-AE9423192122} = {39F28F31-C69C-44BE-BEB4-E58A41B5989F}
		{F6AB7122-DB6E-4D4D-9392-269408A2A122} = {39F28F31-C69C-44BE-BEB4-E58A41B5989F}
		{D64A50BF-EA2C-4FA3-83A0-440042B64B21} = {39F28F31-C69C-44BE-BEB4-E58A41B5989F}
		{0DD8442D-9CAA-4D30-95D0-61B6E083CBCA} = {39F28F31-C69C-44BE-BEB4-E58A41B5989F}
		{852275B6-F75A-4497-8A72-385CC88D2F89} = {A5E4568B-74BC-41D5-96E2-FBE65B6C2603}
		{9B771367-68F3-4A4C-B9F6-6CD91E71AB42} = {A5E4568B-74BC-41D5-96E2-FBE65B6C2603}
		{3488FC8F-456F-41D2-BF7D-1A98341BFC05} = {A5E4568B-74BC-41D5-96E2-FBE65B6C2603}
		{4D84CAA8-1197-4AF6-AE4E-9B7B6B28C5BD} = {A5E4568B-74BC-41D5-96E2-FBE65B6C2603}
		{91C07F07-6C50-44EB-91D0-DECCD502F8D8} = {F6AB7122-DB6E-4D4D-9392-269408A2A122}
		{0AF8FC04-55FB-4AB2-8F94-CAFC8F5D0583} = {F6AB7122-DB6E-4D4D-9392-269408A2A122}
		{486D9541-F841-41B7-B36F-3A8D7E2ED61B} = {F6AB7122-DB6E-4D4D-9392-269408A2A122}
		{F0BBEC3F-7F70-43BF-BCB5-44362A66D208} = {486D9541-F841-41B7-B36F-3A8D7E2ED61B}
		{BD71E400-EBBD-4A6D-882C-7142BFFC988A} = {486D9541-F841-41B7-B36F-3A8D7E2ED61B}
		{07F5EFC8-4477-4057-9AD4-7DEDD1F802CD} = {0AF8FC04-55FB-4AB2-8F94-CAFC8F5D0583}
		{541B4157-945D-4EF1-BA0E-5F3BB67DA572} = {0AF8FC04-55FB-4AB2-8F94-CAFC8F5D0583}
		{0F380CF9-1C98-485F-ABD8-D0730AD3AE0A} = {39F28F31-C69C-44BE-BEB4-E58A41B5989F}
		{B84677BF-FE81-4CF3-B88A-579E074D8AFA} = {0F380CF9-1C98-485F-ABD8-D0730AD3AE0A}
		{FFFE5585-4AFE-4222-8963-46A3411C3E79} = {0F380CF9-1C98-485F-ABD8-D0730AD3AE0A}
		{10E0C022-746E-4790-BF1B-ACA709766A18} = {0F380CF9-1C98-485F-ABD8-D0730AD3AE0A}
		{DA967F6A-756B-4C15-8C29-8F83215B1701} = {0F380CF9-1C98-485F-ABD8-D0730AD3AE0A}
		{CC4BA1C5-8CB8-4290-8B6D-6211E329BA41} = {F6AB7122-DB6E-4D4D-9392-269408A2A122}
		{5D9A3227-D0D6-4115-BC29-8C07345C64EA} = {91C07F07-6C50-44EB-91D0-DECCD502F8D8}
		{DF8AB237-8E24-4523-8FE4-29CFD9D8D454} = {833E6915-D945-467E-B22A-90E7B97B5F9A}
		{9E9FA934-97DC-469F-B402-8090ED1AF1C3} = {833E6915-D945-467E-B22A-90E7B97B5F9A}
		{C108039D-601F-4C1A-9F87-9760A78540CF} = {833E6915-D945-467E-B22A-90E7B97B5F9A}
		{C7B25086-B093-486F-9ED8-8C9ECEF808EB} = {833E6915-D945-467E-B22A-90E7B97B5F9A}
	EndGlobalSection
	GlobalSection(ExtensibilityGlobals) = postSolution
		SolutionGuid = {32B7897F-FA80-47C6-B21C-7701C4B60FD3}
	EndGlobalSection
EndGlobal
